
Microsoft Visual Studio Solution File, Format Version 12.00
# Visual Studio Version 16
VisualStudioVersion = 16.0.31424.327
MinimumVisualStudioVersion = 10.0.40219.1
Project("{9A19103F-16F7-4668-BE54-9A1E7A4F7556}") = "RestoAPP.API", "RestoAPP.API\RestoAPP.API.csproj", "{B787FF81-898A-40E0-BE47-D3BB57093AC6}"
EndProject
Project("{9A19103F-16F7-4668-BE54-9A1E7A4F7556}") = "RestoAPP.DAL", "RestoAPP.DAL\RestoAPP.DAL.csproj", "{0EB5DF6E-CACF-4BE2-9DDE-8F869A960E0E}"
EndProject
Project("{9A19103F-16F7-4668-BE54-9A1E7A4F7556}") = "ToolBox.AutoMapper", "ToolBox.AutoMapper\ToolBox.AutoMapper.csproj", "{F6FDCED2-FCF1-4977-95A0-048000B6F72B}"
EndProject
Project("{9A19103F-16F7-4668-BE54-9A1E7A4F7556}") = "ToolBox.Security", "ToolBox.Security\ToolBox.Security.csproj", "{51D3B1F1-F79B-48ED-8031-A74C1C5D1FBC}"
EndProject
Project("{9A19103F-16F7-4668-BE54-9A1E7A4F7556}") = "ToolBox.Utils", "ToolBox.Utils\ToolBox.Utils.csproj", "{D639F32C-BD95-40AE-9112-85AAAE9AAD86}"
EndProject
Global
	GlobalSection(SolutionConfigurationPlatforms) = preSolution
		Debug|Any CPU = Debug|Any CPU
		Release|Any CPU = Release|Any CPU
	EndGlobalSection
	GlobalSection(ProjectConfigurationPlatforms) = postSolution
		{B787FF81-898A-40E0-BE47-D3BB57093AC6}.Debug|Any CPU.ActiveCfg = Debug|Any CPU
		{B787FF81-898A-40E0-BE47-D3BB57093AC6}.Debug|Any CPU.Build.0 = Debug|Any CPU
		{B787FF81-898A-40E0-BE47-D3BB57093AC6}.Release|Any CPU.ActiveCfg = Release|Any CPU
		{B787FF81-898A-40E0-BE47-D3BB57093AC6}.Release|Any CPU.Build.0 = Release|Any CPU
		{0EB5DF6E-CACF-4BE2-9DDE-8F869A960E0E}.Debug|Any CPU.ActiveCfg = Debug|Any CPU
		{0EB5DF6E-CACF-4BE2-9DDE-8F869A960E0E}.Debug|Any CPU.Build.0 = Debug|Any CPU
		{0EB5DF6E-CACF-4BE2-9DDE-8F869A960E0E}.Release|Any CPU.ActiveCfg = Release|Any CPU
		{0EB5DF6E-CACF-4BE2-9DDE-8F869A960E0E}.Release|Any CPU.Build.0 = Release|Any CPU
		{F6FDCED2-FCF1-4977-95A0-048000B6F72B}.Debug|Any CPU.ActiveCfg = Debug|Any CPU
		{F6FDCED2-FCF1-4977-95A0-048000B6F72B}.Debug|Any CPU.Build.0 = Debug|Any CPU
		{F6FDCED2-FCF1-4977-95A0-048000B6F72B}.Release|Any CPU.ActiveCfg = Release|Any CPU
		{F6FDCED2-FCF1-4977-95A0-048000B6F72B}.Release|Any CPU.Build.0 = Release|Any CPU
		{51D3B1F1-F79B-48ED-8031-A74C1C5D1FBC}.Debug|Any CPU.ActiveCfg = Debug|Any CPU
		{51D3B1F1-F79B-48ED-8031-A74C1C5D1FBC}.Debug|Any CPU.Build.0 = Debug|Any CPU
		{51D3B1F1-F79B-48ED-8031-A74C1C5D1FBC}.Release|Any CPU.ActiveCfg = Release|Any CPU
		{51D3B1F1-F79B-48ED-8031-A74C1C5D1FBC}.Release|Any CPU.Build.0 = Release|Any CPU
		{D639F32C-BD95-40AE-9112-85AAAE9AAD86}.Debug|Any CPU.ActiveCfg = Debug|Any CPU
		{D639F32C-BD95-40AE-9112-85AAAE9AAD86}.Debug|Any CPU.Build.0 = Debug|Any CPU
		{D639F32C-BD95-40AE-9112-85AAAE9AAD86}.Release|Any CPU.ActiveCfg = Release|Any CPU
		{D639F32C-BD95-40AE-9112-85AAAE9AAD86}.Release|Any CPU.Build.0 = Release|Any CPU
	EndGlobalSection
	GlobalSection(SolutionProperties) = preSolution
		HideSolutionNode = FALSE
	EndGlobalSection
	GlobalSection(ExtensibilityGlobals) = postSolution
		SolutionGuid = {D3DEF0DE-ACA1-484B-AC06-C077443E70FF}
	EndGlobalSection
EndGlobal
